
Microsoft Visual Studio Solution File, Format Version 12.00
# Visual Studio Version 16
VisualStudioVersion = 16.0.31515.178
MinimumVisualStudioVersion = 10.0.40219.1
Project("{FAE04EC0-301F-11D3-BF4B-00C04F79EFBC}") = "TRMDataManager", "TRMDataManager\TRMDataManager.csproj", "{76C8F201-865D-4705-9272-EA9899CB09F1}"
EndProject
Global
	GlobalSection(SolutionConfigurationPlatforms) = preSolution
		Debug|Any CPU = Debug|Any CPU
		Release|Any CPU = Release|Any CPU
	EndGlobalSection
	GlobalSection(ProjectConfigurationPlatforms) = postSolution
		{76C8F201-865D-4705-9272-EA9899CB09F1}.Debug|Any CPU.ActiveCfg = Debug|Any CPU
		{76C8F201-865D-4705-9272-EA9899CB09F1}.Debug|Any CPU.Build.0 = Debug|Any CPU
		{76C8F201-865D-4705-9272-EA9899CB09F1}.Release|Any CPU.ActiveCfg = Release|Any CPU
		{76C8F201-865D-4705-9272-EA9899CB09F1}.Release|Any CPU.Build.0 = Release|Any CPU
	EndGlobalSection
	GlobalSection(SolutionProperties) = preSolution
		HideSolutionNode = FALSE
	EndGlobalSection
	GlobalSection(ExtensibilityGlobals) = postSolution
		SolutionGuid = {E13506ED-C32B-406A-ADFC-C2BB43504C4E}
	EndGlobalSection
EndGlobal
